PODS:
  - Firebase/Analytics (3.3.0):
    - FirebaseAnalytics (= 3.2.1)
  - Firebase/Auth (3.3.0):
    - Firebase/Analytics (= 3.3.0)
    - FirebaseAuth (= 3.0.3)
  - Firebase/Core (3.3.0):
    - Firebase/Analytics (= 3.3.0)
  - Firebase/Database (3.3.0):
    - Firebase/Analytics (= 3.3.0)
    - FirebaseDatabase (= 3.0.2)
  - FirebaseAnalytics (3.2.1):
    - FirebaseInstanceID (~> 1.0)
    - GoogleInterchangeUtilities (~> 1.2)
    - GoogleSymbolUtilities (~> 1.1)
    - GoogleUtilities (~> 1.3)
  - FirebaseAuth (3.0.3):
    - FirebaseAnalytics (~> 3.2)
    - GoogleNetworkingUtilities (~> 1.2)
    - GoogleParsingUtilities (~> 1.1)
    - GoogleUtilities (~> 1.3)
  - FirebaseDatabase (3.0.2):
    - FirebaseAnalytics (~> 3.2)
  - FirebaseInstanceID (1.0.7)
  - GoogleInterchangeUtilities (1.2.1):
    - GoogleSymbolUtilities (~> 1.0)
  - GoogleNetworkingUtilities (1.2.1):
    - GoogleSymbolUtilities (~> 1.0)
  - GoogleParsingUtilities (1.1.1):
    - GoogleNetworkingUtilities (~> 1.0)
    - GoogleSymbolUtilities (~> 1.0)
  - GoogleSymbolUtilities (1.1.1)
  - GoogleUtilities (1.3.1):
    - GoogleSymbolUtilities (~> 1.0)
  - ObjectMapper (2.0.0)
  - ObjectMapper+Realm (0.1):
    - ObjectMapper
    - RealmSwift
  - Realm (2.0.2):
    - Realm/Headers (= 2.0.2)
  - Realm/Headers (2.0.2)
  - RealmSwift (2.0.2):
    - Realm (= 2.0.2)
  - SwiftyJSON (3.1.0)

DEPENDENCIES:
  - Firebase/Auth
  - Firebase/Core
  - Firebase/Database
  - ObjectMapper+Realm
  - SwiftyJSON

SPEC CHECKSUMS:
  Firebase: 6250071f0e2440a5c4c67b8cb6b868f868237ac3
  FirebaseAnalytics: 0fd6532cb2c3d03cd5cf26ad295ccb091efd3104
  FirebaseAuth: 5efddc3fae47042b73585f083f956462be4f5b8e
  FirebaseDatabase: 59bea2e7dfd81b3b8b2f8e396caf1a52c2ced6f7
  FirebaseInstanceID: a9d923f3d0b6fbf9fac89310860357aaadc34be5
  GoogleInterchangeUtilities: def8415a862effc67d549d5b5b0b9c7a2f97d4de
  GoogleNetworkingUtilities: 3e83269048cfb498dc7ec83ab36813360965c74f
  GoogleParsingUtilities: 30b3896f9ee167dc78747f013d3de157ced1cadf
  GoogleSymbolUtilities: 33117db1b5f290c6fbf259585e4885b4c84b98d7
  GoogleUtilities: 56c5ac05b7aa5dc417a1bb85221a9516e04d7032
  ObjectMapper: aed2570edabbd3c9b26c939e1cabdb6558f933e0
  ObjectMapper+Realm: dbcf666c2081d82dc527b054c574b9f3777df060
  Realm: 0f5a194af0b7e6158b83db41b4ee1a00be7ddf1a
  RealmSwift: 0eb5070d851cba7c66e841ca756d83609dc78bc8
  SwiftyJSON: 29b9f2a64f118c07e691667c2ba1efe536acfe0b

PODFILE CHECKSUM: 9cda1f321e909fdee49757cff290f4f0a69ba5c6

COCOAPODS: 1.1.0.rc.2
